{
  "object": {
    "pins": [
      {
        "package": "async-http-client",
        "repositoryURL": "https://github.com/swift-server/async-http-client.git",
        "state": {
          "branch": null,
          "revision": "116b6d1cc64ccc6667dfc6f0f47132b46fc5c52e",
          "version": "1.9.1"
        }
      },
      {
        "package": "async-kit",
        "repositoryURL": "https://github.com/vapor/async-kit.git",
        "state": {
          "branch": null,
          "revision": "e2f741640364c1d271405da637029ea6a33f754e",
          "version": "1.11.1"
        }
      },
      {
        "package": "console-kit",
        "repositoryURL": "https://github.com/vapor/console-kit.git",
        "state": {
          "branch": null,
          "revision": "c085098102c18ac5b3eac741fd4101868ddb5a2e",
          "version": "4.4.1"
        }
      },
      {
        "package": "fluent",
        "repositoryURL": "https://github.com/vapor/fluent.git",
        "state": {
          "branch": null,
          "revision": "26c446002f03c5ab34b20d86873014ef3d92d0da",
          "version": "4.5.0"
        }
      },
      {
        "package": "fluent-kit",
        "repositoryURL": "https://github.com/vapor/fluent-kit.git",
        "state": {
          "branch": null,
          "revision": "2d072ce425de02c62b85a8451b8f1b6cf46b9c13",
          "version": "1.24.0"
        }
      },
      {
        "package": "fluent-mysql-driver",
        "repositoryURL": "https://github.com/vapor/fluent-mysql-driver.git",
        "state": {
          "branch": null,
          "revision": "dc9765f0bff524d56e618f0efee4ca3db6cc6049",
          "version": "4.0.3"
        }
      },
      {
        "package": "grpc-swift",
        "repositoryURL": "https://github.com/grpc/grpc-swift.git",
        "state": {
          "branch": null,
          "revision": "593fe0fe931f7e838969243cd137be48e8055b1d",
          "version": "1.7.3"
        }
      },
      {
        "package": "multipart-kit",
        "repositoryURL": "https://github.com/vapor/multipart-kit.git",
        "state": {
          "branch": null,
          "revision": "2dd9368a3c9580792b77c7ef364f3735909d9996",
          "version": "4.5.1"
        }
      },
      {
        "package": "mysql-kit",
        "repositoryURL": "https://github.com/vapor/mysql-kit.git",
        "state": {
          "branch": null,
          "revision": "7d7e6e362d9147fceb13b3f5415772f7fb97de17",
          "version": "4.5.3"
        }
      },
      {
        "package": "mysql-nio",
        "repositoryURL": "https://github.com/vapor/mysql-nio.git",
        "state": {
          "branch": null,
          "revision": "aa71663485728cfa2131674006bad784a187f984",
          "version": "1.5.0"
        }
      },
      {
        "package": "routing-kit",
        "repositoryURL": "https://github.com/vapor/routing-kit.git",
        "state": {
          "branch": null,
          "revision": "5603b81ceb744b8318feab1e60943704977a866b",
          "version": "4.3.1"
        }
      },
      {
        "package": "sql-kit",
        "repositoryURL": "https://github.com/vapor/sql-kit.git",
        "state": {
          "branch": null,
          "revision": "3c5413a229bc2abc962dab17ea66d25e448ad344",
          "version": "3.21.0"
        }
      },
      {
        "package": "swift-backtrace",
        "repositoryURL": "https://github.com/swift-server/swift-backtrace.git",
        "state": {
          "branch": null,
          "revision": "7277ee0e0378d27465b304c668d8e914192d986f",
          "version": "1.3.5"
        }
      },
      {
        "package": "swift-crypto",
        "repositoryURL": "https://github.com/apple/swift-crypto.git",
        "state": {
          "branch": null,
          "revision": "067254c79435de759aeef4a6a03e43d087d61312",
          "version": "2.0.5"
        }
      },
      {
        "package": "swift-log",
        "repositoryURL": "https://github.com/apple/swift-log.git",
        "state": {
          "branch": null,
          "revision": "e97a6fcb1ab07462881ac165fdbb37f067e205d5",
          "version": "1.5.4"
        }
      },
      {
        "package": "swift-metrics",
        "repositoryURL": "https://github.com/apple/swift-metrics.git",
        "state": {
          "branch": null,
          "revision": "971ba26378ab69c43737ee7ba967a896cb74c0d1",
          "version": "2.4.1"
        }
      },
      {
        "package": "swift-nio",
        "repositoryURL": "https://github.com/apple/swift-nio.git",
        "state": {
          "branch": null,
          "revision": "d0f261ddd9eb8694290c09a16e18a00c76846182",
          "version": "2.39.1"
        }
      },
      {
        "package": "swift-nio-extras",
        "repositoryURL": "https://github.com/apple/swift-nio-extras.git",
        "state": {
          "branch": null,
          "revision": "d02584d64bfe3cf722f9b3b3ea5301f6c7109e77",
          "version": "1.10.3"
        }
      },
      {
        "package": "swift-nio-http2",
        "repositoryURL": "https://github.com/apple/swift-nio-http2.git",
        "state": {
          "branch": null,
          "revision": "50c25c132b140e62b45e90b5a76f13ded02c8a46",
          "version": "1.20.1"
        }
      },
      {
        "package": "swift-nio-ssl",
        "repositoryURL": "https://github.com/apple/swift-nio-ssl.git",
        "state": {
          "branch": null,
          "revision": "b5260a31c2a72a89fa684f5efb3054d8725a2316",
          "version": "2.18.0"
        }
      },
      {
        "package": "swift-nio-transport-services",
        "repositoryURL": "https://github.com/apple/swift-nio-transport-services.git",
        "state": {
          "branch": null,
          "revision": "8ab824b140d0ebcd87e9149266ddc353e3705a3e",
          "version": "1.11.4"
        }
      },
      {
        "package": "SwiftProtobuf",
        "repositoryURL": "https://github.com/apple/swift-protobuf.git",
        "state": {
          "branch": null,
          "revision": "9f0c76544701845ad98716f3f6a774a892152bcb",
          "version": "1.26.0"
        }
      },
      {
        "package": "TPPDF",
        "repositoryURL": "https://github.com/techprimate/TPPDF",
        "state": {
          "branch": null,
          "revision": "e4577f5ac161d35fd4ad41e401b639ef68b81315",
          "version": "2.3.5"
        }
      },
      {
        "package": "vapor",
        "repositoryURL": "https://github.com/vapor/vapor.git",
        "state": {
          "branch": null,
          "revision": "102cfdad237ee8288249cfb22dffefb2a66f7f9a",
          "version": "4.58.0"
        }
      },
      {
        "package": "websocket-kit",
        "repositoryURL": "https://github.com/vapor/websocket-kit.git",
        "state": {
          "branch": null,
          "revision": "e32033ad3c68ebec1b761bc961be7bd56bad02f8",
          "version": "2.3.1"
        }
      }
    ]
  },
  "version": 1
}
